{
  "name": "Fastify rest-server",
  "version": "0.0.1",
  "lockfileVersion": 1,
  "requires": true,
  "dependencies": {
    "hashlru": {
      "version": "2.2.1",
      "resolved": "https://registry.npmjs.org/hashlru/-/hashlru-2.2.1.tgz",
      "integrity": "sha1-EPIJmg18BaQPK+r1wdOc8vfavzY="
    },
    "point-of-view": {
      "version": "0.7.0",
      "resolved": "https://registry.npmjs.org/point-of-view/-/point-of-view-0.7.0.tgz",
      "integrity": "sha512-mcPZXtvoXWz8gigy4qTE24uDDACY8XieA/aFS5rZivqAGNLOLZEoeVTadK8HsjSWKZiXJ3IUoVvwgHMNrnmz2Q==",
      "requires": {
        "fastify-plugin": "0.2.2",
        "hashlru": "2.2.1"
      },
      "dependencies": {
        "fastify-plugin": {
          "version": "0.2.2",
          "resolved": "https://registry.npmjs.org/fastify-plugin/-/fastify-plugin-0.2.2.tgz",
          "integrity": "sha512-oRJdjdudgCkQQUARNeh2rkbxFAmj2OhCJSVBNBLUbhS0orF+IMQ4u/bc661N1jh/wDI2J+YKmXmmHSVFQI4e7A==",
          "requires": {
            "semver": "5.5.0"
          }
        },
        "semver": {
          "version": "5.5.0",
          "resolved": "https://registry.npmjs.org/semver/-/semver-5.5.0.tgz",
          "integrity": "sha512-4SJ3dm0WAwWy/NVeioZh5AntkdJoWKxHxcmyP622fOkgHa4z3R0TdBJICINyaSDE6uNwVc8gZr+ZinwZAH4xIA=="
        }
      }
    }
  }
}
